
Microsoft Visual Studio Solution File, Format Version 12.00
# Visual Studio Version 17
VisualStudioVersion = 17.13.35806.99 d17.13
MinimumVisualStudioVersion = 10.0.40219.1
Project("{FAE04EC0-301F-11D3-BF4B-00C04F79EFBC}") = "GenerativeAIApp", "GenerativeAIApp.csproj", "{D1781DA1-2F73-4878-888C-966DE6A5DE84}"
EndProject
Global
	GlobalSection(SolutionConfigurationPlatforms) = preSolution
		Debug|Any CPU = Debug|Any CPU
		Release|Any CPU = Release|Any CPU
	EndGlobalSection
	GlobalSection(ProjectConfigurationPlatforms) = postSolution
		{D1781DA1-2F73-4878-888C-966DE6A5DE84}.Debug|Any CPU.ActiveCfg = Debug|Any CPU
		{D1781DA1-2F73-4878-888C-966DE6A5DE84}.Debug|Any CPU.Build.0 = Debug|Any CPU
		{D1781DA1-2F73-4878-888C-966DE6A5DE84}.Release|Any CPU.ActiveCfg = Release|Any CPU
		{D1781DA1-2F73-4878-888C-966DE6A5DE84}.Release|Any CPU.Build.0 = Release|Any CPU
	EndGlobalSection
	GlobalSection(SolutionProperties) = preSolution
		HideSolutionNode = FALSE
	EndGlobalSection
	GlobalSection(ExtensibilityGlobals) = postSolution
		SolutionGuid = {E6E6869A-FF3B-4689-B585-D419528CE1BA}
	EndGlobalSection
EndGlobal
